
Microsoft Visual Studio Solution File, Format Version 12.00
# Visual Studio Version 17
VisualStudioVersion = 17.11.35312.102
MinimumVisualStudioVersion = 10.0.40219.1
Project("{FAE04EC0-301F-11D3-BF4B-00C04F79EFBC}") = "CSharpEgitimKampi301.EntityLayer", "CSharpEgitimKampi301.EntityLayer\CSharpEgitimKampi301.EntityLayer.csproj", "{42E1385B-8E20-4657-A344-AD80559F6A08}"
EndProject
Project("{FAE04EC0-301F-11D3-BF4B-00C04F79EFBC}") = "CSharpEgitimKampi301.DataAccessLayer", "CSharpEgitimKampi301.DataAccessLayer\CSharpEgitimKampi301.DataAccessLayer.csproj", "{03CC870E-465A-43A5-8D34-2A9EBE79E82A}"
EndProject
Project("{FAE04EC0-301F-11D3-BF4B-00C04F79EFBC}") = "CSharpEgitimKampi301.BusinessLayer", "CSharpEgitimKampi301.BusinessLayer\CSharpEgitimKampi301.BusinessLayer.csproj", "{E5CF52C6-C779-4617-9A81-C8B332DA7B45}"
EndProject
Project("{FAE04EC0-301F-11D3-BF4B-00C04F79EFBC}") = "CSharpEgitimKampi301.PresentationLayer", "CSharpEgitimKampi301.PresentationLayer\CSharpEgitimKampi301.PresentationLayer.csproj", "{07B8B36C-9EAA-4DFF-99ED-4C33F9992D4E}"
EndProject
Project("{FAE04EC0-301F-11D3-BF4B-00C04F79EFBC}") = "CSharpEgitimKampi301.EFProject", "CSharpEgitimKampi301.EFProject\CSharpEgitimKampi301.EFProject.csproj", "{9449C135-2946-463F-9850-94EE3D94EDBC}"
EndProject
Global
	GlobalSection(SolutionConfigurationPlatforms) = preSolution
		Debug|Any CPU = Debug|Any CPU
		Release|Any CPU = Release|Any CPU
	EndGlobalSection
	GlobalSection(ProjectConfigurationPlatforms) = postSolution
		{42E1385B-8E20-4657-A344-AD80559F6A08}.Debug|Any CPU.ActiveCfg = Debug|Any CPU
		{42E1385B-8E20-4657-A344-AD80559F6A08}.Debug|Any CPU.Build.0 = Debug|Any CPU
		{42E1385B-8E20-4657-A344-AD80559F6A08}.Release|Any CPU.ActiveCfg = Release|Any CPU
		{42E1385B-8E20-4657-A344-AD80559F6A08}.Release|Any CPU.Build.0 = Release|Any CPU
		{03CC870E-465A-43A5-8D34-2A9EBE79E82A}.Debug|Any CPU.ActiveCfg = Debug|Any CPU
		{03CC870E-465A-43A5-8D34-2A9EBE79E82A}.Debug|Any CPU.Build.0 = Debug|Any CPU
		{03CC870E-465A-43A5-8D34-2A9EBE79E82A}.Release|Any CPU.ActiveCfg = Release|Any CPU
		{03CC870E-465A-43A5-8D34-2A9EBE79E82A}.Release|Any CPU.Build.0 = Release|Any CPU
		{E5CF52C6-C779-4617-9A81-C8B332DA7B45}.Debug|Any CPU.ActiveCfg = Debug|Any CPU
		{E5CF52C6-C779-4617-9A81-C8B332DA7B45}.Debug|Any CPU.Build.0 = Debug|Any CPU
		{E5CF52C6-C779-4617-9A81-C8B332DA7B45}.Release|Any CPU.ActiveCfg = Release|Any CPU
		{E5CF52C6-C779-4617-9A81-C8B332DA7B45}.Release|Any CPU.Build.0 = Release|Any CPU
		{07B8B36C-9EAA-4DFF-99ED-4C33F9992D4E}.Debug|Any CPU.ActiveCfg = Debug|Any CPU
		{07B8B36C-9EAA-4DFF-99ED-4C33F9992D4E}.Debug|Any CPU.Build.0 = Debug|Any CPU
		{07B8B36C-9EAA-4DFF-99ED-4C33F9992D4E}.Release|Any CPU.ActiveCfg = Release|Any CPU
		{07B8B36C-9EAA-4DFF-99ED-4C33F9992D4E}.Release|Any CPU.Build.0 = Release|Any CPU
		{9449C135-2946-463F-9850-94EE3D94EDBC}.Debug|Any CPU.ActiveCfg = Debug|Any CPU
		{9449C135-2946-463F-9850-94EE3D94EDBC}.Debug|Any CPU.Build.0 = Debug|Any CPU
		{9449C135-2946-463F-9850-94EE3D94EDBC}.Release|Any CPU.ActiveCfg = Release|Any CPU
		{9449C135-2946-463F-9850-94EE3D94EDBC}.Release|Any CPU.Build.0 = Release|Any CPU
	EndGlobalSection
	GlobalSection(SolutionProperties) = preSolution
		HideSolutionNode = FALSE
	EndGlobalSection
	GlobalSection(ExtensibilityGlobals) = postSolution
		SolutionGuid = {8456D98F-1172-4663-AAEF-11E15F34E82C}
	EndGlobalSection
EndGlobal
